PODS:
  - TKSwitcherCollection (1.4.3)

DEPENDENCIES:
  - TKSwitcherCollection (from `../`)

EXTERNAL SOURCES:
  TKSwitcherCollection:
    :path: "../"

SPEC CHECKSUMS:
  TKSwitcherCollection: 6805f52958a8b661cd583a538345618a26ff9263

PODFILE CHECKSUM: 22d4901429738fec3b90d800b97955912bfd129c

COCOAPODS: 1.8.4
