PODS:
  - TKSwitcherCollection (1.4.1)

DEPENDENCIES:
  - TKSwitcherCollection (from `../`)

EXTERNAL SOURCES:
  TKSwitcherCollection:
    :path: ../

SPEC CHECKSUMS:
  TKSwitcherCollection: 22ffd357b16193be738e646e9256ba1a26942e17

PODFILE CHECKSUM: 22d4901429738fec3b90d800b97955912bfd129c

COCOAPODS: 1.4.0
